
Microsoft Visual Studio Solution File, Format Version 12.00
# Visual Studio Version 17
VisualStudioVersion = 17.11.35327.3
MinimumVisualStudioVersion = 10.0.40219.1
Project("{FAE04EC0-301F-11D3-BF4B-00C04F79EFBC}") = "CalculatorCS", "CalculatorCS\CalculatorCS.csproj", "{3ED1CBD5-548A-4DB7-87B6-51576541BCC6}"
EndProject
Global
	GlobalSection(SolutionConfigurationPlatforms) = preSolution
		Debug|Any CPU = Debug|Any CPU
		Release|Any CPU = Release|Any CPU
	EndGlobalSection
	GlobalSection(ProjectConfigurationPlatforms) = postSolution
		{3ED1CBD5-548A-4DB7-87B6-51576541BCC6}.Debug|Any CPU.ActiveCfg = Debug|Any CPU
		{3ED1CBD5-548A-4DB7-87B6-51576541BCC6}.Debug|Any CPU.Build.0 = Debug|Any CPU
		{3ED1CBD5-548A-4DB7-87B6-51576541BCC6}.Release|Any CPU.ActiveCfg = Release|Any CPU
		{3ED1CBD5-548A-4DB7-87B6-51576541BCC6}.Release|Any CPU.Build.0 = Release|Any CPU
	EndGlobalSection
	GlobalSection(SolutionProperties) = preSolution
		HideSolutionNode = FALSE
	EndGlobalSection
	GlobalSection(ExtensibilityGlobals) = postSolution
		SolutionGuid = {3C6C8644-532D-49A1-8A29-6C9DC9F425A3}
	EndGlobalSection
EndGlobal
